// !$*UTF8*$!
{
	archiveVersion = 1;
	classes = {
	};
	objectVersion = 46;
	objects = {

/* Begin PBXBuildFile section */
		785C5C4B1473E1AD001940A5 /* UIKit.framework in Frameworks */ = {isa = PBXBuildFile; fileRef = 785C5C4A1473E1AD001940A5 /* UIKit.framework */; };
		785C5C4D1473E1AD001940A5 /* Foundation.framework in Frameworks */ = {isa = PBXBuildFile; fileRef = 785C5C4C1473E1AD001940A5 /* Foundation.framework */; };
		785C5C4F1473E1AD001940A5 /* CoreGraphics.framework in Frameworks */ = {isa = PBXBuildFile; fileRef = 785C5C4E1473E1AD001940A5 /* CoreGraphics.framework */; };
		785C5C551473E1AD001940A5 /* InfoPlist.strings in Resources */ = {isa = PBXBuildFile; fileRef = 785C5C531473E1AD001940A5 /* InfoPlist.strings */; };
		785C5C571473E1AD001940A5 /* main.m in Sources */ = {isa = PBXBuildFile; fileRef = 785C5C561473E1AD001940A5 /* main.m */; };
		785C5C5B1473E1AD001940A5 /* PSAppDelegate.m in Sources */ = {isa = PBXBuildFile; fileRef = 785C5C5A1473E1AD001940A5 /* PSAppDelegate.m */; };
		785C5C5E1473E1AD001940A5 /* PSExampleViewController.m in Sources */ = {isa = PBXBuildFile; fileRef = 785C5C5D1473E1AD001940A5 /* PSExampleViewController.m */; };
		785C5C791473F116001940A5 /* cat.jpg in Resources */ = {isa = PBXBuildFile; fileRef = 785C5C781473F116001940A5 /* cat.jpg */; };
		785C5C7B1473F27E001940A5 /* QuartzCore.framework in Frameworks */ = {isa = PBXBuildFile; fileRef = 785C5C7A1473F27E001940A5 /* QuartzCore.framework */; };
		785C5C7F14740882001940A5 /* AVFoundation.framework in Frameworks */ = {isa = PBXBuildFile; fileRef = 785C5C7E14740882001940A5 /* AVFoundation.framework */; };
		785C5CC414740D2F001940A5 /* AVPlayerDemoPlaybackView.m in Sources */ = {isa = PBXBuildFile; fileRef = 785C5CC114740D2F001940A5 /* AVPlayerDemoPlaybackView.m */; settings = {COMPILER_FLAGS = "-fno-objc-arc"; }; };
		785C5CC514740D2F001940A5 /* AVPlayerDemoPlaybackViewController.m in Sources */ = {isa = PBXBuildFile; fileRef = 785C5CC314740D2F001940A5 /* AVPlayerDemoPlaybackViewController.m */; settings = {COMPILER_FLAGS = "-fno-objc-arc"; }; };
		785C5CCC147410DD001940A5 /* CoreMedia.framework in Frameworks */ = {isa = PBXBuildFile; fileRef = 785C5CCB147410DD001940A5 /* CoreMedia.framework */; };
		785C5CD314741128001940A5 /* AVPlayerDemoPlaybackView-iPad.xib in Resources */ = {isa = PBXBuildFile; fileRef = 785C5CCF14741128001940A5 /* AVPlayerDemoPlaybackView-iPad.xib */; };
		785C5CD414741128001940A5 /* AVPlayerDemoPlaybackView.xib in Resources */ = {isa = PBXBuildFile; fileRef = 785C5CD014741128001940A5 /* AVPlayerDemoPlaybackView.xib */; };
		785C5CE314742D78001940A5 /* PSPushPopPressView.m in Sources */ = {isa = PBXBuildFile; fileRef = 785C5CE214742D78001940A5 /* PSPushPopPressView.m */; };
		785C5CE614742D8D001940A5 /* ExampleView.xib in Resources */ = {isa = PBXBuildFile; fileRef = 785C5CE514742D8D001940A5 /* ExampleView.xib */; };
/* End PBXBuildFile section */

/* Begin PBXFileReference section */
		785C5C461473E1AD001940A5 /* PSPushPopPressViewExample.app */ = {isa = PBXFileReference; explicitFileType = wrapper.application; includeInIndex = 0; path = PSPushPopPressViewExample.app; sourceTree = BUILT_PRODUCTS_DIR; };
		785C5C4A1473E1AD001940A5 /* UIKit.framework */ = {isa = PBXFileReference; lastKnownFileType = wrapper.framework; name = UIKit.framework; path = System/Library/Frameworks/UIKit.framework; sourceTree = SDKROOT; };
		785C5C4C1473E1AD001940A5 /* Foundation.framework */ = {isa = PBXFileReference; lastKnownFileType = wrapper.framework; name = Foundation.framework; path = System/Library/Frameworks/Foundation.framework; sourceTree = SDKROOT; };
		785C5C4E1473E1AD001940A5 /* CoreGraphics.framework */ = {isa = PBXFileReference; lastKnownFileType = wrapper.framework; name = CoreGraphics.framework; path = System/Library/Frameworks/CoreGraphics.framework; sourceTree = SDKROOT; };
		785C5C521473E1AD001940A5 /* PSPushPopPressViewExample-Info.plist */ = {isa = PBXFileReference; lastKnownFileType = text.plist.xml; path = "PSPushPopPressViewExample-Info.plist"; sourceTree = "<group>"; };
		785C5C541473E1AD001940A5 /* en */ = {isa = PBXFileReference; lastKnownFileType = text.plist.strings; name = en; path = en.lproj/InfoPlist.strings; sourceTree = "<group>"; };
		785C5C561473E1AD001940A5 /* main.m */ = {isa = PBXFileReference; lastKnownFileType = sourcecode.c.objc; path = main.m; sourceTree = "<group>"; };
		785C5C581473E1AD001940A5 /* PSPushPopPressViewExample-Prefix.pch */ = {isa = PBXFileReference; lastKnownFileType = sourcecode.c.h; path = "PSPushPopPressViewExample-Prefix.pch"; sourceTree = "<group>"; };
		785C5C591473E1AD001940A5 /* PSAppDelegate.h */ = {isa = PBXFileReference; lastKnownFileType = sourcecode.c.h; path = PSAppDelegate.h; sourceTree = "<group>"; };
		785C5C5A1473E1AD001940A5 /* PSAppDelegate.m */ = {isa = PBXFileReference; lastKnownFileType = sourcecode.c.objc; path = PSAppDelegate.m; sourceTree = "<group>"; };
		785C5C5C1473E1AD001940A5 /* PSExampleViewController.h */ = {isa = PBXFileReference; path = PSExampleViewController.h; sourceTree = "<group>"; };
		785C5C5D1473E1AD001940A5 /* PSExampleViewController.m */ = {isa = PBXFileReference; lastKnownFileType = sourcecode.c.objc; path = PSExampleViewController.m; sourceTree = "<group>"; };
		785C5C781473F116001940A5 /* cat.jpg */ = {isa = PBXFileReference; lastKnownFileType = image.jpeg; path = cat.jpg; sourceTree = "<group>"; };
		785C5C7A1473F27E001940A5 /* QuartzCore.framework */ = {isa = PBXFileReference; lastKnownFileType = wrapper.framework; name = QuartzCore.framework; path = System/Library/Frameworks/QuartzCore.framework; sourceTree = SDKROOT; };
		785C5C7C1473F3D7001940A5 /* MediaPlayer.framework */ = {isa = PBXFileReference; lastKnownFileType = wrapper.framework; name = MediaPlayer.framework; path = System/Library/Frameworks/MediaPlayer.framework; sourceTree = SDKROOT; };
		785C5C7E14740882001940A5 /* AVFoundation.framework */ = {isa = PBXFileReference; lastKnownFileType = wrapper.framework; name = AVFoundation.framework; path = System/Library/Frameworks/AVFoundation.framework; sourceTree = SDKROOT; };
		785C5CC014740D2F001940A5 /* AVPlayerDemoPlaybackView.h */ = {isa = PBXFileReference; fileEncoding = 4; lastKnownFileType = sourcecode.c.h; path = AVPlayerDemoPlaybackView.h; sourceTree = "<group>"; };
		785C5CC114740D2F001940A5 /* AVPlayerDemoPlaybackView.m */ = {isa = PBXFileReference; fileEncoding = 4; lastKnownFileType = sourcecode.c.objc; path = AVPlayerDemoPlaybackView.m; sourceTree = "<group>"; };
		785C5CC214740D2F001940A5 /* AVPlayerDemoPlaybackViewController.h */ = {isa = PBXFileReference; fileEncoding = 4; lastKnownFileType = sourcecode.c.h; path = AVPlayerDemoPlaybackViewController.h; sourceTree = "<group>"; };
		785C5CC314740D2F001940A5 /* AVPlayerDemoPlaybackViewController.m */ = {isa = PBXFileReference; fileEncoding = 4; lastKnownFileType = sourcecode.c.objc; path = AVPlayerDemoPlaybackViewController.m; sourceTree = "<group>"; };
		785C5CCB147410DD001940A5 /* CoreMedia.framework */ = {isa = PBXFileReference; lastKnownFileType = wrapper.framework; name = CoreMedia.framework; path = System/Library/Frameworks/CoreMedia.framework; sourceTree = SDKROOT; };
		785C5CCF14741128001940A5 /* AVPlayerDemoPlaybackView-iPad.xib */ = {isa = PBXFileReference; fileEncoding = 4; lastKnownFileType = file.xib; name = "AVPlayerDemoPlaybackView-iPad.xib"; path = "Resources/AVPlayerDemoPlaybackView-iPad.xib"; sourceTree = "<group>"; };
		785C5CD014741128001940A5 /* AVPlayerDemoPlaybackView.xib */ = {isa = PBXFileReference; fileEncoding = 4; lastKnownFileType = file.xib; name = AVPlayerDemoPlaybackView.xib; path = Resources/AVPlayerDemoPlaybackView.xib; sourceTree = "<group>"; };
		785C5CE114742D78001940A5 /* PSPushPopPressView.h */ = {isa = PBXFileReference; fileEncoding = 4; lastKnownFileType = sourcecode.c.h; name = PSPushPopPressView.h; path = ../PSPushPopPressView.h; sourceTree = "<group>"; };
		785C5CE214742D78001940A5 /* PSPushPopPressView.m */ = {isa = PBXFileReference; fileEncoding = 4; lastKnownFileType = sourcecode.c.objc; name = PSPushPopPressView.m; path = ../PSPushPopPressView.m; sourceTree = "<group>"; };
		785C5CE514742D8D001940A5 /* ExampleView.xib */ = {isa = PBXFileReference; fileEncoding = 4; lastKnownFileType = file.xib; path = ExampleView.xib; sourceTree = "<group>"; };
/* End PBXFileReference section */

/* Begin PBXFrameworksBuildPhase section */
		785C5C431473E1AD001940A5 /* Frameworks */ = {
			isa = PBXFrameworksBuildPhase;
			buildActionMask = 2147483647;
			files = (
				785C5CCC147410DD001940A5 /* CoreMedia.framework in Frameworks */,
				785C5C7F14740882001940A5 /* AVFoundation.framework in Frameworks */,
				785C5C7B1473F27E001940A5 /* QuartzCore.framework in Frameworks */,
				785C5C4B1473E1AD001940A5 /* UIKit.framework in Frameworks */,
				785C5C4D1473E1AD001940A5 /* Foundation.framework in Frameworks */,
				785C5C4F1473E1AD001940A5 /* CoreGraphics.framework in Frameworks */,
			);
			runOnlyForDeploymentPostprocessing = 0;
		};
/* End PBXFrameworksBuildPhase section */

/* Begin PBXGroup section */
		785C5C3B1473E1AD001940A5 = {
			isa = PBXGroup;
			children = (
				785C5C6A1473E511001940A5 /* PSPushPopPressView */,
				785C5C501473E1AD001940A5 /* PSPushPopPressViewExample */,
				785C5C491473E1AD001940A5 /* Frameworks */,
				785C5C471473E1AD001940A5 /* Products */,
			);
			sourceTree = "<group>";
		};
		785C5C471473E1AD001940A5 /* Products */ = {
			isa = PBXGroup;
			children = (
				785C5C461473E1AD001940A5 /* PSPushPopPressViewExample.app */,
			);
			name = Products;
			sourceTree = "<group>";
		};
		785C5C491473E1AD001940A5 /* Frameworks */ = {
			isa = PBXGroup;
			children = (
				785C5CCB147410DD001940A5 /* CoreMedia.framework */,
				785C5C7E14740882001940A5 /* AVFoundation.framework */,
				785C5C7C1473F3D7001940A5 /* MediaPlayer.framework */,
				785C5C7A1473F27E001940A5 /* QuartzCore.framework */,
				785C5C4A1473E1AD001940A5 /* UIKit.framework */,
				785C5C4C1473E1AD001940A5 /* Foundation.framework */,
				785C5C4E1473E1AD001940A5 /* CoreGraphics.framework */,
			);
			name = Frameworks;
			sourceTree = "<group>";
		};
		785C5C501473E1AD001940A5 /* PSPushPopPressViewExample */ = {
			isa = PBXGroup;
			children = (
				785C5CC614740D34001940A5 /* AVPlayer */,
				785C5C591473E1AD001940A5 /* PSAppDelegate.h */,
				785C5C5A1473E1AD001940A5 /* PSAppDelegate.m */,
				785C5C5C1473E1AD001940A5 /* PSExampleViewController.h */,
				785C5C5D1473E1AD001940A5 /* PSExampleViewController.m */,
				785C5C771473F116001940A5 /* Resources */,
				785C5C511473E1AD001940A5 /* Supporting Files */,
			);
			path = PSPushPopPressViewExample;
			sourceTree = "<group>";
		};
		785C5C511473E1AD001940A5 /* Supporting Files */ = {
			isa = PBXGroup;
			children = (
				785C5C521473E1AD001940A5 /* PSPushPopPressViewExample-Info.plist */,
				785C5C531473E1AD001940A5 /* InfoPlist.strings */,
				785C5C561473E1AD001940A5 /* main.m */,
				785C5C581473E1AD001940A5 /* PSPushPopPressViewExample-Prefix.pch */,
			);
			name = "Supporting Files";
			sourceTree = "<group>";
		};
		785C5C6A1473E511001940A5 /* PSPushPopPressView */ = {
			isa = PBXGroup;
			children = (
				785C5CE114742D78001940A5 /* PSPushPopPressView.h */,
				785C5CE214742D78001940A5 /* PSPushPopPressView.m */,
			);
			name = PSPushPopPressView;
			sourceTree = "<group>";
		};
		785C5C771473F116001940A5 /* Resources */ = {
			isa = PBXGroup;
			children = (
				785C5C781473F116001940A5 /* cat.jpg */,
				785C5CE514742D8D001940A5 /* ExampleView.xib */,
			);
			path = Resources;
			sourceTree = "<group>";
		};
		785C5CC614740D34001940A5 /* AVPlayer */ = {
			isa = PBXGroup;
			children = (
				785C5CCF14741128001940A5 /* AVPlayerDemoPlaybackView-iPad.xib */,
				785C5CD014741128001940A5 /* AVPlayerDemoPlaybackView.xib */,
				785C5CC014740D2F001940A5 /* AVPlayerDemoPlaybackView.h */,
				785C5CC114740D2F001940A5 /* AVPlayerDemoPlaybackView.m */,
				785C5CC214740D2F001940A5 /* AVPlayerDemoPlaybackViewController.h */,
				785C5CC314740D2F001940A5 /* AVPlayerDemoPlaybackViewController.m */,
			);
			name = AVPlayer;
			sourceTree = "<group>";
		};
/* End PBXGroup section */

/* Begin PBXNativeTarget section */
		785C5C451473E1AD001940A5 /* PSPushPopPressViewExample */ = {
			isa = PBXNativeTarget;
			buildConfigurationList = 785C5C671473E1AD001940A5 /* Build configuration list for PBXNativeTarget "PSPushPopPressViewExample" */;
			buildPhases = (
				785C5C421473E1AD001940A5 /* Sources */,
				785C5C431473E1AD001940A5 /* Frameworks */,
				785C5C441473E1AD001940A5 /* Resources */,
			);
			buildRules = (
			);
			dependencies = (
			);
			name = PSPushPopPressViewExample;
			productName = PSPushPopPressViewExample;
			productReference = 785C5C461473E1AD001940A5 /* PSPushPopPressViewExample.app */;
			productType = "com.apple.product-type.application";
		};
/* End PBXNativeTarget section */

/* Begin PBXProject section */
		785C5C3D1473E1AD001940A5 /* Project object */ = {
			isa = PBXProject;
			attributes = {
				LastUpgradeCheck = 0420;
				ORGANIZATIONNAME = "Peter Steinberger";
			};
			buildConfigurationList = 785C5C401473E1AD001940A5 /* Build configuration list for PBXProject "PSPushPopPressViewExample" */;
			compatibilityVersion = "Xcode 3.2";
			developmentRegion = English;
			hasScannedForEncodings = 0;
			knownRegions = (
				en,
			);
			mainGroup = 785C5C3B1473E1AD001940A5;
			productRefGroup = 785C5C471473E1AD001940A5 /* Products */;
			projectDirPath = "";
			projectRoot = "";
			targets = (
				785C5C451473E1AD001940A5 /* PSPushPopPressViewExample */,
			);
		};
/* End PBXProject section */

/* Begin PBXResourcesBuildPhase section */
		785C5C441473E1AD001940A5 /* Resources */ = {
			isa = PBXResourcesBuildPhase;
			buildActionMask = 2147483647;
			files = (
				785C5C551473E1AD001940A5 /* InfoPlist.strings in Resources */,
				785C5C791473F116001940A5 /* cat.jpg in Resources */,
				785C5CD314741128001940A5 /* AVPlayerDemoPlaybackView-iPad.xib in Resources */,
				785C5CD414741128001940A5 /* AVPlayerDemoPlaybackView.xib in Resources */,
				785C5CE614742D8D001940A5 /* ExampleView.xib in Resources */,
			);
			runOnlyForDeploymentPostprocessing = 0;
		};
/* End PBXResourcesBuildPhase section */

/* Begin PBXSourcesBuildPhase section */
		785C5C421473E1AD001940A5 /* Sources */ = {
			isa = PBXSourcesBuildPhase;
			buildActionMask = 2147483647;
			files = (
				785C5C571473E1AD001940A5 /* main.m in Sources */,
				785C5C5B1473E1AD001940A5 /* PSAppDelegate.m in Sources */,
				785C5C5E1473E1AD001940A5 /* PSExampleViewController.m in Sources */,
				785C5CC414740D2F001940A5 /* AVPlayerDemoPlaybackView.m in Sources */,
				785C5CC514740D2F001940A5 /* AVPlayerDemoPlaybackViewController.m in Sources */,
				785C5CE314742D78001940A5 /* PSPushPopPressView.m in Sources */,
			);
			runOnlyForDeploymentPostprocessing = 0;
		};
/* End PBXSourcesBuildPhase section */

/* Begin PBXVariantGroup section */
		785C5C531473E1AD001940A5 /* InfoPlist.strings */ = {
			isa = PBXVariantGroup;
			children = (
				785C5C541473E1AD001940A5 /* en */,
			);
			name = InfoPlist.strings;
			sourceTree = "<group>";
		};
/* End PBXVariantGroup section */

/* Begin XCBuildConfiguration section */
		785C5C651473E1AD001940A5 /* Debug */ = {
			isa = XCBuildConfiguration;
			buildSettings = {
				ALWAYS_SEARCH_USER_PATHS = NO;
				ARCHS = "$(ARCHS_STANDARD_32_BIT)";
				CLANG_ENABLE_OBJC_ARC = YES;
				"CODE_SIGN_IDENTITY[sdk=iphoneos*]" = "iPhone Developer";
				COPY_PHASE_STRIP = NO;
				GCC_C_LANGUAGE_STANDARD = gnu99;
				GCC_DYNAMIC_NO_PIC = NO;
				GCC_OPTIMIZATION_LEVEL = 0;
				GCC_PREPROCESSOR_DEFINITIONS = (
					"DEBUG=1",
					"$(inherited)",
				);
				GCC_SYMBOLS_PRIVATE_EXTERN = NO;
				GCC_VERSION = com.apple.compilers.llvm.clang.1_0;
				GCC_WARN_ABOUT_MISSING_PROTOTYPES = YES;
				GCC_WARN_ABOUT_RETURN_TYPE = YES;
				GCC_WARN_UNUSED_VARIABLE = YES;
				IPHONEOS_DEPLOYMENT_TARGET = 5.0;
				SDKROOT = iphoneos;
				TARGETED_DEVICE_FAMILY = "1,2";
			};
			name = Debug;
		};
		785C5C661473E1AD001940A5 /* Release */ = {
			isa = XCBuildConfiguration;
			buildSettings = {
				ALWAYS_SEARCH_USER_PATHS = NO;
				ARCHS = "$(ARCHS_STANDARD_32_BIT)";
				CLANG_ENABLE_OBJC_ARC = YES;
				"CODE_SIGN_IDENTITY[sdk=iphoneos*]" = "iPhone Developer";
				COPY_PHASE_STRIP = YES;
				GCC_C_LANGUAGE_STANDARD = gnu99;
				GCC_VERSION = com.apple.compilers.llvm.clang.1_0;
				GCC_WARN_ABOUT_MISSING_PROTOTYPES = YES;
				GCC_WARN_ABOUT_RETURN_TYPE = YES;
				GCC_WARN_UNUSED_VARIABLE = YES;
				IPHONEOS_DEPLOYMENT_TARGET = 5.0;
				OTHER_CFLAGS = "-DNS_BLOCK_ASSERTIONS=1";
				SDKROOT = iphoneos;
				TARGETED_DEVICE_FAMILY = "1,2";
				VALIDATE_PRODUCT = YES;
			};
			name = Release;
		};
		785C5C681473E1AD001940A5 /* Debug */ = {
			isa = XCBuildConfiguration;
			buildSettings = {
				GCC_PRECOMPILE_PREFIX_HEADER = YES;
				GCC_PREFIX_HEADER = "PSPushPopPressViewExample/PSPushPopPressViewExample-Prefix.pch";
				INFOPLIST_FILE = "PSPushPopPressViewExample/PSPushPopPressViewExample-Info.plist";
				IPHONEOS_DEPLOYMENT_TARGET = 4.0;
				PRODUCT_NAME = "$(TARGET_NAME)";
				WRAPPER_EXTENSION = app;
			};
			name = Debug;
		};
		785C5C691473E1AD001940A5 /* Release */ = {
			isa = XCBuildConfiguration;
			buildSettings = {
				GCC_PRECOMPILE_PREFIX_HEADER = YES;
				GCC_PREFIX_HEADER = "PSPushPopPressViewExample/PSPushPopPressViewExample-Prefix.pch";
				INFOPLIST_FILE = "PSPushPopPressViewExample/PSPushPopPressViewExample-Info.plist";
				IPHONEOS_DEPLOYMENT_TARGET = 4.0;
				PRODUCT_NAME = "$(TARGET_NAME)";
				WRAPPER_EXTENSION = app;
			};
			name = Release;
		};
/* End XCBuildConfiguration section */

/* Begin XCConfigurationList section */
		785C5C401473E1AD001940A5 /* Build configuration list for PBXProject "PSPushPopPressViewExample" */ = {
			isa = XCConfigurationList;
			buildConfigurations = (
				785C5C651473E1AD001940A5 /* Debug */,
				785C5C661473E1AD001940A5 /* Release */,
			);
			defaultConfigurationIsVisible = 0;
			defaultConfigurationName = Release;
		};
		785C5C671473E1AD001940A5 /* Build configuration list for PBXNativeTarget "PSPushPopPressViewExample" */ = {
			isa = XCConfigurationList;
			buildConfigurations = (
				785C5C681473E1AD001940A5 /* Debug */,
				785C5C691473E1AD001940A5 /* Release */,
			);
			defaultConfigurationIsVisible = 0;
			defaultConfigurationName = Release;
		};
/* End XCConfigurationList section */
	};
	rootObject = 785C5C3D1473E1AD001940A5 /* Project object */;
}
